
Microsoft Visual Studio Solution File, Format Version 12.00
# Visual Studio Version 16
VisualStudioVersion = 16.0.31424.327
MinimumVisualStudioVersion = 10.0.40219.1
Project("{FAE04EC0-301F-11D3-BF4B-00C04F79EFBC}") = "SendEmail.Win", "SendEmail.Win\SendEmail.Win.csproj", "{4D79CA9C-C486-4F8C-8023-40D2F4C03C8B}"
EndProject
Global
	GlobalSection(SolutionConfigurationPlatforms) = preSolution
		Debug|Any CPU = Debug|Any CPU
		Release|Any CPU = Release|Any CPU
	EndGlobalSection
	GlobalSection(ProjectConfigurationPlatforms) = postSolution
		{4D79CA9C-C486-4F8C-8023-40D2F4C03C8B}.Debug|Any CPU.ActiveCfg = Debug|Any CPU
		{4D79CA9C-C486-4F8C-8023-40D2F4C03C8B}.Debug|Any CPU.Build.0 = Debug|Any CPU
		{4D79CA9C-C486-4F8C-8023-40D2F4C03C8B}.Release|Any CPU.ActiveCfg = Release|Any CPU
		{4D79CA9C-C486-4F8C-8023-40D2F4C03C8B}.Release|Any CPU.Build.0 = Release|Any CPU
	EndGlobalSection
	GlobalSection(SolutionProperties) = preSolution
		HideSolutionNode = FALSE
	EndGlobalSection
	GlobalSection(ExtensibilityGlobals) = postSolution
		SolutionGuid = {8B2FBDE8-0176-419D-A9B1-9D26FC69172D}
	EndGlobalSection
	GlobalSection(TestCaseManagementSettings) = postSolution
		CategoryFile = EmailVerifier.vsmdi
	EndGlobalSection
EndGlobal
